{
  "object": {
    "pins": [
      {
        "package": "LogfmtEncoder",
        "repositoryURL": "https://github.com/mjm/LogfmtEncoder",
        "state": {
          "branch": "master",
          "revision": "f863c6ac646b7b3dec908a56d376c3cad485bbe2",
          "version": null
        }
      }
    ]
  },
  "version": 1
}
